
Microsoft Visual Studio Solution File, Format Version 12.00
# Visual Studio 15
VisualStudioVersion = 15.0.27130.2020
MinimumVisualStudioVersion = 10.0.40219.1
Project("{8BC9CEB8-8B4A-11D0-8D11-00A0C91BC942}") = "Triangle", "Triangle.vcxproj", "{E6EEB4F1-23A7-4AB1-90B5-1AD0B6BD1D68}"
EndProject
Project("{2150E333-8FDC-42A3-9474-1A3956D46DE8}") = "Solution Items", "Solution Items", "{40EB41D9-FE0C-4011-9B19-28F5C0324F36}"
	ProjectSection(SolutionItems) = preProject
		..\README.md = ..\README.md
	EndProjectSection
EndProject
Global
	GlobalSection(SolutionConfigurationPlatforms) = preSolution
		Debug|x64 = Debug|x64
		Debug|x86 = Debug|x86
		Release|x64 = Release|x64
		Release|x86 = Release|x86
	EndGlobalSection
	GlobalSection(ProjectConfigurationPlatforms) = postSolution
		{E6EEB4F1-23A7-4AB1-90B5-1AD0B6BD1D68}.Debug|x64.ActiveCfg = Debug|x64
		{E6EEB4F1-23A7-4AB1-90B5-1AD0B6BD1D68}.Debug|x64.Build.0 = Debug|x64
		{E6EEB4F1-23A7-4AB1-90B5-1AD0B6BD1D68}.Debug|x86.ActiveCfg = Debug|Win32
		{E6EEB4F1-23A7-4AB1-90B5-1AD0B6BD1D68}.Debug|x86.Build.0 = Debug|Win32
		{E6EEB4F1-23A7-4AB1-90B5-1AD0B6BD1D68}.Release|x64.ActiveCfg = Release|x64
		{E6EEB4F1-23A7-4AB1-90B5-1AD0B6BD1D68}.Release|x64.Build.0 = Release|x64
		{E6EEB4F1-23A7-4AB1-90B5-1AD0B6BD1D68}.Release|x86.ActiveCfg = Release|Win32
		{E6EEB4F1-23A7-4AB1-90B5-1AD0B6BD1D68}.Release|x86.Build.0 = Release|Win32
	EndGlobalSection
	GlobalSection(SolutionProperties) = preSolution
		HideSolutionNode = FALSE
	EndGlobalSection
	GlobalSection(ExtensibilityGlobals) = postSolution
		SolutionGuid = {176B84E0-A2DF-4145-8132-F3F35CFC7063}
	EndGlobalSection
EndGlobal
